
Microsoft Visual Studio Solution File, Format Version 12.00
# Visual Studio Version 16
VisualStudioVersion = 16.0.31205.134
MinimumVisualStudioVersion = 10.0.40219.1
Project("{9A19103F-16F7-4668-BE54-9A1E7A4F7556}") = "Angsoz.GerenciamentoAmigosAniversario.Web", "Angsoz.GerenciamentoAmigosAniversário.Web\Angsoz.GerenciamentoAmigosAniversario.Web.csproj", "{DB99BFD5-E6A9-4FB5-A076-37043AE6A07E}"
EndProject
Global
	GlobalSection(SolutionConfigurationPlatforms) = preSolution
		Debug|Any CPU = Debug|Any CPU
		Release|Any CPU = Release|Any CPU
	EndGlobalSection
	GlobalSection(ProjectConfigurationPlatforms) = postSolution
		{DB99BFD5-E6A9-4FB5-A076-37043AE6A07E}.Debug|Any CPU.ActiveCfg = Debug|Any CPU
		{DB99BFD5-E6A9-4FB5-A076-37043AE6A07E}.Debug|Any CPU.Build.0 = Debug|Any CPU
		{DB99BFD5-E6A9-4FB5-A076-37043AE6A07E}.Release|Any CPU.ActiveCfg = Release|Any CPU
		{DB99BFD5-E6A9-4FB5-A076-37043AE6A07E}.Release|Any CPU.Build.0 = Release|Any CPU
	EndGlobalSection
	GlobalSection(SolutionProperties) = preSolution
		HideSolutionNode = FALSE
	EndGlobalSection
	GlobalSection(ExtensibilityGlobals) = postSolution
		SolutionGuid = {921F237A-456F-4CDA-897B-735B296AA83E}
	EndGlobalSection
EndGlobal
